// !$*UTF8*$!
{
	archiveVersion = 1;
	classes = {
	};
	objectVersion = 50;
	objects = {

/* Begin PBXBuildFile section */
		947A3779226046AE004BF175 /* AppDelegate.m in Sources */ = {isa = PBXBuildFile; fileRef = 947A3778226046AE004BF175 /* AppDelegate.m */; };
		947A377C226046AE004BF175 /* ViewController.m in Sources */ = {isa = PBXBuildFile; fileRef = 947A377B226046AE004BF175 /* ViewController.m */; };
		947A377F226046AE004BF175 /* Main.storyboard in Resources */ = {isa = PBXBuildFile; fileRef = 947A377D226046AE004BF175 /* Main.storyboard */; };
		947A3781226046AF004BF175 /* Assets.xcassets in Resources */ = {isa = PBXBuildFile; fileRef = 947A3780226046AF004BF175 /* Assets.xcassets */; };
		947A3784226046B0004BF175 /* LaunchScreen.storyboard in Resources */ = {isa = PBXBuildFile; fileRef = 947A3782226046B0004BF175 /* LaunchScreen.storyboard */; };
		947A3787226046B0004BF175 /* main.m in Sources */ = {isa = PBXBuildFile; fileRef = 947A3786226046B0004BF175 /* main.m */; };
		947A379022606EBF004BF175 /* NSString+CZCategory.m in Sources */ = {isa = PBXBuildFile; fileRef = 947A378F22606EBF004BF175 /* NSString+CZCategory.m */; };
		947A379322607446004BF175 /* NSObject+CZCategory.m in Sources */ = {isa = PBXBuildFile; fileRef = 947A379222607446004BF175 /* NSObject+CZCategory.m */; };
		947A379622607CB8004BF175 /* UIView+CZCategory.m in Sources */ = {isa = PBXBuildFile; fileRef = 947A379522607CB8004BF175 /* UIView+CZCategory.m */; };
		94BD939122742EDC005DDDAA /* NSDictionary+CZCategory.m in Sources */ = {isa = PBXBuildFile; fileRef = 94BD939022742EDC005DDDAA /* NSDictionary+CZCategory.m */; };
		94BD939422742F01005DDDAA /* NSArray+CZCategory.m in Sources */ = {isa = PBXBuildFile; fileRef = 94BD939322742F01005DDDAA /* NSArray+CZCategory.m */; };
		C141BF16655E21BD48C2658B /* libPods-CZCategory.a in Frameworks */ = {isa = PBXBuildFile; fileRef = 25028ABAA05E248A30162C33 /* libPods-CZCategory.a */; };
/* End PBXBuildFile section */

/* Begin PBXFileReference section */
		22B5E385BE0202B7E5919FCC /* Pods-CZCategory.debug.xcconfig */ = {isa = PBXFileReference; includeInIndex = 1; lastKnownFileType = text.xcconfig; name = "Pods-CZCategory.debug.xcconfig"; path = "Pods/Target Support Files/Pods-CZCategory/Pods-CZCategory.debug.xcconfig"; sourceTree = "<group>"; };
		25028ABAA05E248A30162C33 /* libPods-CZCategory.a */ = {isa = PBXFileReference; explicitFileType = archive.ar; includeInIndex = 0; path = "libPods-CZCategory.a"; sourceTree = BUILT_PRODUCTS_DIR; };
		947A3774226046AE004BF175 /* CZCategory.app */ = {isa = PBXFileReference; explicitFileType = wrapper.application; includeInIndex = 0; path = CZCategory.app; sourceTree = BUILT_PRODUCTS_DIR; };
		947A3777226046AE004BF175 /* AppDelegate.h */ = {isa = PBXFileReference; lastKnownFileType = sourcecode.c.h; path = AppDelegate.h; sourceTree = "<group>"; };
		947A3778226046AE004BF175 /* AppDelegate.m */ = {isa = PBXFileReference; lastKnownFileType = sourcecode.c.objc; path = AppDelegate.m; sourceTree = "<group>"; };
		947A377A226046AE004BF175 /* ViewController.h */ = {isa = PBXFileReference; lastKnownFileType = sourcecode.c.h; path = ViewController.h; sourceTree = "<group>"; };
		947A377B226046AE004BF175 /* ViewController.m */ = {isa = PBXFileReference; lastKnownFileType = sourcecode.c.objc; path = ViewController.m; sourceTree = "<group>"; };
		947A377E226046AE004BF175 /* Base */ = {isa = PBXFileReference; lastKnownFileType = file.storyboard; name = Base; path = Base.lproj/Main.storyboard; sourceTree = "<group>"; };
		947A3780226046AF004BF175 /* Assets.xcassets */ = {isa = PBXFileReference; lastKnownFileType = folder.assetcatalog; path = Assets.xcassets; sourceTree = "<group>"; };
		947A3783226046B0004BF175 /* Base */ = {isa = PBXFileReference; lastKnownFileType = file.storyboard; name = Base; path = Base.lproj/LaunchScreen.storyboard; sourceTree = "<group>"; };
		947A3785226046B0004BF175 /* Info.plist */ = {isa = PBXFileReference; lastKnownFileType = text.plist.xml; path = Info.plist; sourceTree = "<group>"; };
		947A3786226046B0004BF175 /* main.m */ = {isa = PBXFileReference; lastKnownFileType = sourcecode.c.objc; path = main.m; sourceTree = "<group>"; };
		947A378E22606EBF004BF175 /* NSString+CZCategory.h */ = {isa = PBXFileReference; lastKnownFileType = sourcecode.c.h; path = "NSString+CZCategory.h"; sourceTree = "<group>"; };
		947A378F22606EBF004BF175 /* NSString+CZCategory.m */ = {isa = PBXFileReference; lastKnownFileType = sourcecode.c.objc; path = "NSString+CZCategory.m"; sourceTree = "<group>"; };
		947A379122607446004BF175 /* NSObject+CZCategory.h */ = {isa = PBXFileReference; lastKnownFileType = sourcecode.c.h; path = "NSObject+CZCategory.h"; sourceTree = "<group>"; };
		947A379222607446004BF175 /* NSObject+CZCategory.m */ = {isa = PBXFileReference; lastKnownFileType = sourcecode.c.objc; path = "NSObject+CZCategory.m"; sourceTree = "<group>"; };
		947A379422607CB8004BF175 /* UIView+CZCategory.h */ = {isa = PBXFileReference; lastKnownFileType = sourcecode.c.h; path = "UIView+CZCategory.h"; sourceTree = "<group>"; };
		947A379522607CB8004BF175 /* UIView+CZCategory.m */ = {isa = PBXFileReference; lastKnownFileType = sourcecode.c.objc; path = "UIView+CZCategory.m"; sourceTree = "<group>"; };
		947A3797226088A2004BF175 /* CZCategory.h */ = {isa = PBXFileReference; lastKnownFileType = sourcecode.c.h; path = CZCategory.h; sourceTree = "<group>"; };
		94BD938F22742EDC005DDDAA /* NSDictionary+CZCategory.h */ = {isa = PBXFileReference; lastKnownFileType = sourcecode.c.h; path = "NSDictionary+CZCategory.h"; sourceTree = "<group>"; };
		94BD939022742EDC005DDDAA /* NSDictionary+CZCategory.m */ = {isa = PBXFileReference; lastKnownFileType = sourcecode.c.objc; path = "NSDictionary+CZCategory.m"; sourceTree = "<group>"; };
		94BD939222742F01005DDDAA /* NSArray+CZCategory.h */ = {isa = PBXFileReference; lastKnownFileType = sourcecode.c.h; path = "NSArray+CZCategory.h"; sourceTree = "<group>"; };
		94BD939322742F01005DDDAA /* NSArray+CZCategory.m */ = {isa = PBXFileReference; lastKnownFileType = sourcecode.c.objc; path = "NSArray+CZCategory.m"; sourceTree = "<group>"; };
		F98754BF72CAC6E6A30EB2BE /* Pods-CZCategory.release.xcconfig */ = {isa = PBXFileReference; includeInIndex = 1; lastKnownFileType = text.xcconfig; name = "Pods-CZCategory.release.xcconfig"; path = "Pods/Target Support Files/Pods-CZCategory/Pods-CZCategory.release.xcconfig"; sourceTree = "<group>"; };
/* End PBXFileReference section */

/* Begin PBXFrameworksBuildPhase section */
		947A3771226046AE004BF175 /* Frameworks */ = {
			isa = PBXFrameworksBuildPhase;
			buildActionMask = 2147483647;
			files = (
				C141BF16655E21BD48C2658B /* libPods-CZCategory.a in Frameworks */,
			);
			runOnlyForDeploymentPostprocessing = 0;
		};
/* End PBXFrameworksBuildPhase section */

/* Begin PBXGroup section */
		4E0FA6A1F4EA5A21EDC0D697 /* Pods */ = {
			isa = PBXGroup;
			children = (
				22B5E385BE0202B7E5919FCC /* Pods-CZCategory.debug.xcconfig */,
				F98754BF72CAC6E6A30EB2BE /* Pods-CZCategory.release.xcconfig */,
			);
			name = Pods;
			sourceTree = "<group>";
		};
		947A376B226046AE004BF175 = {
			isa = PBXGroup;
			children = (
				947A3776226046AE004BF175 /* CZCategory */,
				947A3775226046AE004BF175 /* Products */,
				4E0FA6A1F4EA5A21EDC0D697 /* Pods */,
				DF4454800C051121B58B43B3 /* Frameworks */,
			);
			sourceTree = "<group>";
		};
		947A3775226046AE004BF175 /* Products */ = {
			isa = PBXGroup;
			children = (
				947A3774226046AE004BF175 /* CZCategory.app */,
			);
			name = Products;
			sourceTree = "<group>";
		};
		947A3776226046AE004BF175 /* CZCategory */ = {
			isa = PBXGroup;
			children = (
				947A378D22606E96004BF175 /* classes */,
				947A3777226046AE004BF175 /* AppDelegate.h */,
				947A3778226046AE004BF175 /* AppDelegate.m */,
				947A377A226046AE004BF175 /* ViewController.h */,
				947A377B226046AE004BF175 /* ViewController.m */,
				947A377D226046AE004BF175 /* Main.storyboard */,
				947A3780226046AF004BF175 /* Assets.xcassets */,
				947A3782226046B0004BF175 /* LaunchScreen.storyboard */,
				947A3785226046B0004BF175 /* Info.plist */,
				947A3786226046B0004BF175 /* main.m */,
				947A3797226088A2004BF175 /* CZCategory.h */,
			);
			path = CZCategory;
			sourceTree = "<group>";
		};
		947A378D22606E96004BF175 /* classes */ = {
			isa = PBXGroup;
			children = (
				947A378E22606EBF004BF175 /* NSString+CZCategory.h */,
				947A378F22606EBF004BF175 /* NSString+CZCategory.m */,
				947A379122607446004BF175 /* NSObject+CZCategory.h */,
				947A379222607446004BF175 /* NSObject+CZCategory.m */,
				947A379422607CB8004BF175 /* UIView+CZCategory.h */,
				947A379522607CB8004BF175 /* UIView+CZCategory.m */,
				94BD938F22742EDC005DDDAA /* NSDictionary+CZCategory.h */,
				94BD939022742EDC005DDDAA /* NSDictionary+CZCategory.m */,
				94BD939222742F01005DDDAA /* NSArray+CZCategory.h */,
				94BD939322742F01005DDDAA /* NSArray+CZCategory.m */,
			);
			path = classes;
			sourceTree = "<group>";
		};
		DF4454800C051121B58B43B3 /* Frameworks */ = {
			isa = PBXGroup;
			children = (
				25028ABAA05E248A30162C33 /* libPods-CZCategory.a */,
			);
			name = Frameworks;
			sourceTree = "<group>";
		};
/* End PBXGroup section */

/* Begin PBXNativeTarget section */
		947A3773226046AE004BF175 /* CZCategory */ = {
			isa = PBXNativeTarget;
			buildConfigurationList = 947A378A226046B0004BF175 /* Build configuration list for PBXNativeTarget "CZCategory" */;
			buildPhases = (
				F7753500641D1BDBC52A3CFC /* [CP] Check Pods Manifest.lock */,
				947A3770226046AE004BF175 /* Sources */,
				947A3771226046AE004BF175 /* Frameworks */,
				947A3772226046AE004BF175 /* Resources */,
			);
			buildRules = (
			);
			dependencies = (
			);
			name = CZCategory;
			productName = CZCategory;
			productReference = 947A3774226046AE004BF175 /* CZCategory.app */;
			productType = "com.apple.product-type.application";
		};
/* End PBXNativeTarget section */

/* Begin PBXProject section */
		947A376C226046AE004BF175 /* Project object */ = {
			isa = PBXProject;
			attributes = {
				LastUpgradeCheck = 1010;
				ORGANIZATIONNAME = ChenZhe;
				TargetAttributes = {
					947A3773226046AE004BF175 = {
						CreatedOnToolsVersion = 10.1;
					};
				};
			};
			buildConfigurationList = 947A376F226046AE004BF175 /* Build configuration list for PBXProject "CZCategory" */;
			compatibilityVersion = "Xcode 9.3";
			developmentRegion = en;
			hasScannedForEncodings = 0;
			knownRegions = (
				en,
				Base,
			);
			mainGroup = 947A376B226046AE004BF175;
			productRefGroup = 947A3775226046AE004BF175 /* Products */;
			projectDirPath = "";
			projectRoot = "";
			targets = (
				947A3773226046AE004BF175 /* CZCategory */,
			);
		};
/* End PBXProject section */

/* Begin PBXResourcesBuildPhase section */
		947A3772226046AE004BF175 /* Resources */ = {
			isa = PBXResourcesBuildPhase;
			buildActionMask = 2147483647;
			files = (
				947A3784226046B0004BF175 /* LaunchScreen.storyboard in Resources */,
				947A3781226046AF004BF175 /* Assets.xcassets in Resources */,
				947A377F226046AE004BF175 /* Main.storyboard in Resources */,
			);
			runOnlyForDeploymentPostprocessing = 0;
		};
/* End PBXResourcesBuildPhase section */

/* Begin PBXShellScriptBuildPhase section */
		F7753500641D1BDBC52A3CFC /* [CP] Check Pods Manifest.lock */ = {
			isa = PBXShellScriptBuildPhase;
			buildActionMask = 2147483647;
			files = (
			);
			inputPaths = (
				"${PODS_PODFILE_DIR_PATH}/Podfile.lock",
				"${PODS_ROOT}/Manifest.lock",
			);
			name = "[CP] Check Pods Manifest.lock";
			outputPaths = (
				"$(DERIVED_FILE_DIR)/Pods-CZCategory-checkManifestLockResult.txt",
			);
			runOnlyForDeploymentPostprocessing = 0;
			shellPath = /bin/sh;
			shellScript = "diff \"${PODS_PODFILE_DIR_PATH}/Podfile.lock\" \"${PODS_ROOT}/Manifest.lock\" > /dev/null\nif [ $? != 0 ] ; then\n    # print error to STDERR\n    echo \"error: The sandbox is not in sync with the Podfile.lock. Run 'pod install' or update your CocoaPods installation.\" >&2\n    exit 1\nfi\n# This output is used by Xcode 'outputs' to avoid re-running this script phase.\necho \"SUCCESS\" > \"${SCRIPT_OUTPUT_FILE_0}\"\n";
			showEnvVarsInLog = 0;
		};
/* End PBXShellScriptBuildPhase section */

/* Begin PBXSourcesBuildPhase section */
		947A3770226046AE004BF175 /* Sources */ = {
			isa = PBXSourcesBuildPhase;
			buildActionMask = 2147483647;
			files = (
				947A377C226046AE004BF175 /* ViewController.m in Sources */,
				947A379622607CB8004BF175 /* UIView+CZCategory.m in Sources */,
				947A3787226046B0004BF175 /* main.m in Sources */,
				94BD939122742EDC005DDDAA /* NSDictionary+CZCategory.m in Sources */,
				947A379322607446004BF175 /* NSObject+CZCategory.m in Sources */,
				94BD939422742F01005DDDAA /* NSArray+CZCategory.m in Sources */,
				947A379022606EBF004BF175 /* NSString+CZCategory.m in Sources */,
				947A3779226046AE004BF175 /* AppDelegate.m in Sources */,
			);
			runOnlyForDeploymentPostprocessing = 0;
		};
/* End PBXSourcesBuildPhase section */

/* Begin PBXVariantGroup section */
		947A377D226046AE004BF175 /* Main.storyboard */ = {
			isa = PBXVariantGroup;
			children = (
				947A377E226046AE004BF175 /* Base */,
			);
			name = Main.storyboard;
			sourceTree = "<group>";
		};
		947A3782226046B0004BF175 /* LaunchScreen.storyboard */ = {
			isa = PBXVariantGroup;
			children = (
				947A3783226046B0004BF175 /* Base */,
			);
			name = LaunchScreen.storyboard;
			sourceTree = "<group>";
		};
/* End PBXVariantGroup section */

/* Begin XCBuildConfiguration section */
		947A3788226046B0004BF175 /* Debug */ = {
			isa = XCBuildConfiguration;
			buildSettings = {
				ALWAYS_SEARCH_USER_PATHS = NO;
				CLANG_ANALYZER_NONNULL = YES;
				CLANG_ANALYZER_NUMBER_OBJECT_CONVERSION = YES_AGGRESSIVE;
				CLANG_CXX_LANGUAGE_STANDARD = "gnu++14";
				CLANG_CXX_LIBRARY = "libc++";
				CLANG_ENABLE_MODULES = YES;
				CLANG_ENABLE_OBJC_ARC = YES;
				CLANG_ENABLE_OBJC_WEAK = YES;
				CLANG_WARN_BLOCK_CAPTURE_AUTORELEASING = YES;
				CLANG_WARN_BOOL_CONVERSION = YES;
				CLANG_WARN_COMMA = YES;
				CLANG_WARN_CONSTANT_CONVERSION = YES;
				CLANG_WARN_DEPRECATED_OBJC_IMPLEMENTATIONS = YES;
				CLANG_WARN_DIRECT_OBJC_ISA_USAGE = YES_ERROR;
				CLANG_WARN_DOCUMENTATION_COMMENTS = YES;
				CLANG_WARN_EMPTY_BODY = YES;
				CLANG_WARN_ENUM_CONVERSION = YES;
				CLANG_WARN_INFINITE_RECURSION = YES;
				CLANG_WARN_INT_CONVERSION = YES;
				CLANG_WARN_NON_LITERAL_NULL_CONVERSION = YES;
				CLANG_WARN_OBJC_IMPLICIT_RETAIN_SELF = YES;
				CLANG_WARN_OBJC_LITERAL_CONVERSION = YES;
				CLANG_WARN_OBJC_ROOT_CLASS = YES_ERROR;
				CLANG_WARN_RANGE_LOOP_ANALYSIS = YES;
				CLANG_WARN_STRICT_PROTOTYPES = YES;
				CLANG_WARN_SUSPICIOUS_MOVE = YES;
				CLANG_WARN_UNGUARDED_AVAILABILITY = YES_AGGRESSIVE;
				CLANG_WARN_UNREACHABLE_CODE = YES;
				CLANG_WARN__DUPLICATE_METHOD_MATCH = YES;
				CODE_SIGN_IDENTITY = "iPhone Developer";
				COPY_PHASE_STRIP = NO;
				DEBUG_INFORMATION_FORMAT = dwarf;
				ENABLE_STRICT_OBJC_MSGSEND = YES;
				ENABLE_TESTABILITY = YES;
				GCC_C_LANGUAGE_STANDARD = gnu11;
				GCC_DYNAMIC_NO_PIC = NO;
				GCC_NO_COMMON_BLOCKS = YES;
				GCC_OPTIMIZATION_LEVEL = 0;
				GCC_PREPROCESSOR_DEFINITIONS = (
					"DEBUG=1",
					"$(inherited)",
				);
				GCC_WARN_64_TO_32_BIT_CONVERSION = YES;
				GCC_WARN_ABOUT_RETURN_TYPE = YES_ERROR;
				GCC_WARN_UNDECLARED_SELECTOR = YES;
				GCC_WARN_UNINITIALIZED_AUTOS = YES_AGGRESSIVE;
				GCC_WARN_UNUSED_FUNCTION = YES;
				GCC_WARN_UNUSED_VARIABLE = YES;
				IPHONEOS_DEPLOYMENT_TARGET = 12.1;
				MTL_ENABLE_DEBUG_INFO = INCLUDE_SOURCE;
				MTL_FAST_MATH = YES;
				ONLY_ACTIVE_ARCH = YES;
				SDKROOT = iphoneos;
			};
			name = Debug;
		};
		947A3789226046B0004BF175 /* Release */ = {
			isa = XCBuildConfiguration;
			buildSettings = {
				ALWAYS_SEARCH_USER_PATHS = NO;
				CLANG_ANALYZER_NONNULL = YES;
				CLANG_ANALYZER_NUMBER_OBJECT_CONVERSION = YES_AGGRESSIVE;
				CLANG_CXX_LANGUAGE_STANDARD = "gnu++14";
				CLANG_CXX_LIBRARY = "libc++";
				CLANG_ENABLE_MODULES = YES;
				CLANG_ENABLE_OBJC_ARC = YES;
				CLANG_ENABLE_OBJC_WEAK = YES;
				CLANG_WARN_BLOCK_CAPTURE_AUTORELEASING = YES;
				CLANG_WARN_BOOL_CONVERSION = YES;
				CLANG_WARN_COMMA = YES;
				CLANG_WARN_CONSTANT_CONVERSION = YES;
				CLANG_WARN_DEPRECATED_OBJC_IMPLEMENTATIONS = YES;
				CLANG_WARN_DIRECT_OBJC_ISA_USAGE = YES_ERROR;
				CLANG_WARN_DOCUMENTATION_COMMENTS = YES;
				CLANG_WARN_EMPTY_BODY = YES;
				CLANG_WARN_ENUM_CONVERSION = YES;
				CLANG_WARN_INFINITE_RECURSION = YES;
				CLANG_WARN_INT_CONVERSION = YES;
				CLANG_WARN_NON_LITERAL_NULL_CONVERSION = YES;
				CLANG_WARN_OBJC_IMPLICIT_RETAIN_SELF = YES;
				CLANG_WARN_OBJC_LITERAL_CONVERSION = YES;
				CLANG_WARN_OBJC_ROOT_CLASS = YES_ERROR;
				CLANG_WARN_RANGE_LOOP_ANALYSIS = YES;
				CLANG_WARN_STRICT_PROTOTYPES = YES;
				CLANG_WARN_SUSPICIOUS_MOVE = YES;
				CLANG_WARN_UNGUARDED_AVAILABILITY = YES_AGGRESSIVE;
				CLANG_WARN_UNREACHABLE_CODE = YES;
				CLANG_WARN__DUPLICATE_METHOD_MATCH = YES;
				CODE_SIGN_IDENTITY = "iPhone Developer";
				COPY_PHASE_STRIP = NO;
				DEBUG_INFORMATION_FORMAT = "dwarf-with-dsym";
				ENABLE_NS_ASSERTIONS = NO;
				ENABLE_STRICT_OBJC_MSGSEND = YES;
				GCC_C_LANGUAGE_STANDARD = gnu11;
				GCC_NO_COMMON_BLOCKS = YES;
				GCC_WARN_64_TO_32_BIT_CONVERSION = YES;
				GCC_WARN_ABOUT_RETURN_TYPE = YES_ERROR;
				GCC_WARN_UNDECLARED_SELECTOR = YES;
				GCC_WARN_UNINITIALIZED_AUTOS = YES_AGGRESSIVE;
				GCC_WARN_UNUSED_FUNCTION = YES;
				GCC_WARN_UNUSED_VARIABLE = YES;
				IPHONEOS_DEPLOYMENT_TARGET = 12.1;
				MTL_ENABLE_DEBUG_INFO = NO;
				MTL_FAST_MATH = YES;
				SDKROOT = iphoneos;
				VALIDATE_PRODUCT = YES;
			};
			name = Release;
		};
		947A378B226046B0004BF175 /* Debug */ = {
			isa = XCBuildConfiguration;
			baseConfigurationReference = 22B5E385BE0202B7E5919FCC /* Pods-CZCategory.debug.xcconfig */;
			buildSettings = {
				ASSETCATALOG_COMPILER_APPICON_NAME = AppIcon;
				CODE_SIGN_STYLE = Manual;
				DEVELOPMENT_TEAM = "";
				INFOPLIST_FILE = CZCategory/Info.plist;
				LD_RUNPATH_SEARCH_PATHS = (
					"$(inherited)",
					"@executable_path/Frameworks",
				);
				PRODUCT_BUNDLE_IDENTIFIER = com.chenzhe.CZCategory;
				PRODUCT_NAME = "$(TARGET_NAME)";
				PROVISIONING_PROFILE_SPECIFIER = "";
				TARGETED_DEVICE_FAMILY = "1,2";
			};
			name = Debug;
		};
		947A378C226046B0004BF175 /* Release */ = {
			isa = XCBuildConfiguration;
			baseConfigurationReference = F98754BF72CAC6E6A30EB2BE /* Pods-CZCategory.release.xcconfig */;
			buildSettings = {
				ASSETCATALOG_COMPILER_APPICON_NAME = AppIcon;
				CODE_SIGN_STYLE = Manual;
				DEVELOPMENT_TEAM = "";
				INFOPLIST_FILE = CZCategory/Info.plist;
				LD_RUNPATH_SEARCH_PATHS = (
					"$(inherited)",
					"@executable_path/Frameworks",
				);
				PRODUCT_BUNDLE_IDENTIFIER = com.chenzhe.CZCategory;
				PRODUCT_NAME = "$(TARGET_NAME)";
				PROVISIONING_PROFILE_SPECIFIER = "";
				TARGETED_DEVICE_FAMILY = "1,2";
			};
			name = Release;
		};
/* End XCBuildConfiguration section */

/* Begin XCConfigurationList section */
		947A376F226046AE004BF175 /* Build configuration list for PBXProject "CZCategory" */ = {
			isa = XCConfigurationList;
			buildConfigurations = (
				947A3788226046B0004BF175 /* Debug */,
				947A3789226046B0004BF175 /* Release */,
			);
			defaultConfigurationIsVisible = 0;
			defaultConfigurationName = Release;
		};
		947A378A226046B0004BF175 /* Build configuration list for PBXNativeTarget "CZCategory" */ = {
			isa = XCConfigurationList;
			buildConfigurations = (
				947A378B226046B0004BF175 /* Debug */,
				947A378C226046B0004BF175 /* Release */,
			);
			defaultConfigurationIsVisible = 0;
			defaultConfigurationName = Release;
		};
/* End XCConfigurationList section */
	};
	rootObject = 947A376C226046AE004BF175 /* Project object */;
}
